// !$*UTF8*$!
{
	archiveVersion = 1;
	classes = {
	};
	objectVersion = 46;
	objects = {

/* Begin PBXBuildFile section */
		DC1ADA4B1DBD275D00201A32 /* Queue.swift in Sources */ = {isa = PBXBuildFile; fileRef = DC1ADA4A1DBD275D00201A32 /* Queue.swift */; };
		DC66C0CE1F439DC00097AB9C /* Heap.swift in Sources */ = {isa = PBXBuildFile; fileRef = DC66C0CD1F439DC00097AB9C /* Heap.swift */; };
		DC66C0DE1F43C9B90097AB9C /* Heap_Tests.swift in Sources */ = {isa = PBXBuildFile; fileRef = DC66C0DD1F43C9B90097AB9C /* Heap_Tests.swift */; };
		DC7428E61D7F44AC001AF8E1 /* BoolList.swift in Sources */ = {isa = PBXBuildFile; fileRef = DC7428D91D7F44AC001AF8E1 /* BoolList.swift */; };
		DC7428E71D7F44AC001AF8E1 /* BoolList2D.swift in Sources */ = {isa = PBXBuildFile; fileRef = DC7428DA1D7F44AC001AF8E1 /* BoolList2D.swift */; };
		DC7428E81D7F44AC001AF8E1 /* CCSound.swift in Sources */ = {isa = PBXBuildFile; fileRef = DC7428DB1D7F44AC001AF8E1 /* CCSound.swift */; };
		DC7428E91D7F44AC001AF8E1 /* CCSoundPlayer.swift in Sources */ = {isa = PBXBuildFile; fileRef = DC7428DC1D7F44AC001AF8E1 /* CCSoundPlayer.swift */; };
		DC7428EA1D7F44AC001AF8E1 /* Direction2D.swift in Sources */ = {isa = PBXBuildFile; fileRef = DC7428DD1D7F44AC001AF8E1 /* Direction2D.swift */; };
		DC7428EB1D7F44AC001AF8E1 /* IntPoint.swift in Sources */ = {isa = PBXBuildFile; fileRef = DC7428DE1D7F44AC001AF8E1 /* IntPoint.swift */; };
		DC7428EC1D7F44AC001AF8E1 /* IntPoint+Iterator.swift in Sources */ = {isa = PBXBuildFile; fileRef = DC7428DF1D7F44AC001AF8E1 /* IntPoint+Iterator.swift */; };
		DC7428ED1D7F44AC001AF8E1 /* IntPoint+Operations.swift in Sources */ = {isa = PBXBuildFile; fileRef = DC7428E01D7F44AC001AF8E1 /* IntPoint+Operations.swift */; };
		DC7428EE1D7F44AC001AF8E1 /* SimpleStringParser.swift in Sources */ = {isa = PBXBuildFile; fileRef = DC7428E11D7F44AC001AF8E1 /* SimpleStringParser.swift */; };
		DC7428EF1D7F44AC001AF8E1 /* Stack.swift in Sources */ = {isa = PBXBuildFile; fileRef = DC7428E21D7F44AC001AF8E1 /* Stack.swift */; };
		DC7428F21D7F44AC001AF8E1 /* XMLFileHandler.swift in Sources */ = {isa = PBXBuildFile; fileRef = DC7428E51D7F44AC001AF8E1 /* XMLFileHandler.swift */; };
		DC7429131D7F45A1001AF8E1 /* SCMatrix3Array.swift in Sources */ = {isa = PBXBuildFile; fileRef = DC74290A1D7F45A1001AF8E1 /* SCMatrix3Array.swift */; };
		DC7429141D7F45A1001AF8E1 /* SCMatrix4.swift in Sources */ = {isa = PBXBuildFile; fileRef = DC74290B1D7F45A1001AF8E1 /* SCMatrix4.swift */; };
		DC7429151D7F45A1001AF8E1 /* SCMatrix4+Transformation.swift in Sources */ = {isa = PBXBuildFile; fileRef = DC74290C1D7F45A1001AF8E1 /* SCMatrix4+Transformation.swift */; };
		DC7429161D7F45A1001AF8E1 /* SCMatrix4Array.swift in Sources */ = {isa = PBXBuildFile; fileRef = DC74290D1D7F45A1001AF8E1 /* SCMatrix4Array.swift */; };
		DC7429171D7F45A1001AF8E1 /* SCVector3.swift in Sources */ = {isa = PBXBuildFile; fileRef = DC74290E1D7F45A1001AF8E1 /* SCVector3.swift */; };
		DC7429181D7F45A1001AF8E1 /* SCVector3+Color.swift in Sources */ = {isa = PBXBuildFile; fileRef = DC74290F1D7F45A1001AF8E1 /* SCVector3+Color.swift */; };
		DC7429191D7F45A1001AF8E1 /* SCVector3Array.swift in Sources */ = {isa = PBXBuildFile; fileRef = DC7429101D7F45A1001AF8E1 /* SCVector3Array.swift */; };
		DC74291A1D7F45A1001AF8E1 /* SCVector4.swift in Sources */ = {isa = PBXBuildFile; fileRef = DC7429111D7F45A1001AF8E1 /* SCVector4.swift */; };
		DC74291B1D7F45A1001AF8E1 /* SCVector4+Color.swift in Sources */ = {isa = PBXBuildFile; fileRef = DC7429121D7F45A1001AF8E1 /* SCVector4+Color.swift */; };
		DC74291D1D7F49A3001AF8E1 /* AngleDelta.swift in Sources */ = {isa = PBXBuildFile; fileRef = DC74291C1D7F49A3001AF8E1 /* AngleDelta.swift */; };
		DC74291F1D7F49AB001AF8E1 /* RotationDelta.swift in Sources */ = {isa = PBXBuildFile; fileRef = DC74291E1D7F49AB001AF8E1 /* RotationDelta.swift */; };
		DC7429211D7F49B1001AF8E1 /* ScaleDelta.swift in Sources */ = {isa = PBXBuildFile; fileRef = DC7429201D7F49B1001AF8E1 /* ScaleDelta.swift */; };
		DC7429231D7F5572001AF8E1 /* LinearInterpolation.swift in Sources */ = {isa = PBXBuildFile; fileRef = DC7429221D7F5572001AF8E1 /* LinearInterpolation.swift */; };
		DC7429251D7F55AD001AF8E1 /* LinearInterpolationExtensions.swift in Sources */ = {isa = PBXBuildFile; fileRef = DC7429241D7F55AD001AF8E1 /* LinearInterpolationExtensions.swift */; };
		DC7429291D7F5612001AF8E1 /* UIColor+Vectors.swift in Sources */ = {isa = PBXBuildFile; fileRef = DC7429281D7F5612001AF8E1 /* UIColor+Vectors.swift */; };
		DC74292B1D7F5668001AF8E1 /* CGFloat+Random.swift in Sources */ = {isa = PBXBuildFile; fileRef = DC74292A1D7F5668001AF8E1 /* CGFloat+Random.swift */; };
		DC7429321D7F58E0001AF8E1 /* CoronaConvenience.framework in Frameworks */ = {isa = PBXBuildFile; fileRef = DC7429311D7F58D6001AF8E1 /* CoronaConvenience.framework */; };
		DC99DD6B1D849AD400094BE1 /* SCCloudSingleton.swift in Sources */ = {isa = PBXBuildFile; fileRef = DC99DD691D849AD400094BE1 /* SCCloudSingleton.swift */; };
		DC99DD6C1D849AD400094BE1 /* SCCloudSingleton+Convenience.swift in Sources */ = {isa = PBXBuildFile; fileRef = DC99DD6A1D849AD400094BE1 /* SCCloudSingleton+Convenience.swift */; };
		DCA41A691EDCE61600DE5F3A /* WeightedRandomBag.swift in Sources */ = {isa = PBXBuildFile; fileRef = DCA41A681EDCE61600DE5F3A /* WeightedRandomBag.swift */; };
		DCC50CCA1D81EDB3007092CA /* AnimationDelta.swift in Sources */ = {isa = PBXBuildFile; fileRef = DCC50CC91D81EDB3007092CA /* AnimationDelta.swift */; };
/* End PBXBuildFile section */

/* Begin PBXContainerItemProxy section */
		DC66C0C71F4396310097AB9C /* PBXContainerItemProxy */ = {
			isa = PBXContainerItemProxy;
			containerPortal = DC74292C1D7F58D6001AF8E1 /* CoronaConvenience.xcodeproj */;
			proxyType = 2;
			remoteGlobalIDString = DC6B68CA1EB59E7700B0FF92;
			remoteInfo = CoronaConvenience.Tests;
		};
		DC7429301D7F58D6001AF8E1 /* PBXContainerItemProxy */ = {
			isa = PBXContainerItemProxy;
			containerPortal = DC74292C1D7F58D6001AF8E1 /* CoronaConvenience.xcodeproj */;
			proxyType = 2;
			remoteGlobalIDString = DC4D07951D7D233A00862432;
			remoteInfo = CoronaConvenience;
		};
/* End PBXContainerItemProxy section */

/* Begin PBXFileReference section */
		DC1ADA4A1DBD275D00201A32 /* Queue.swift */ = {isa = PBXFileReference; fileEncoding = 4; lastKnownFileType = sourcecode.swift; path = Queue.swift; sourceTree = "<group>"; };
		DC66C0CD1F439DC00097AB9C /* Heap.swift */ = {isa = PBXFileReference; fileEncoding = 4; lastKnownFileType = sourcecode.swift; path = Heap.swift; sourceTree = "<group>"; };
		DC66C0D51F43C9AB0097AB9C /* CoronaStructures-Tests.xctest */ = {isa = PBXFileReference; explicitFileType = wrapper.cfbundle; includeInIndex = 0; path = "CoronaStructures-Tests.xctest"; sourceTree = BUILT_PRODUCTS_DIR; };
		DC66C0D91F43C9AB0097AB9C /* Info.plist */ = {isa = PBXFileReference; lastKnownFileType = text.plist.xml; path = Info.plist; sourceTree = "<group>"; };
		DC66C0DD1F43C9B90097AB9C /* Heap_Tests.swift */ = {isa = PBXFileReference; fileEncoding = 4; lastKnownFileType = sourcecode.swift; path = Heap_Tests.swift; sourceTree = "<group>"; };
		DC7428CE1D7F4446001AF8E1 /* CoronaStructures.framework */ = {isa = PBXFileReference; explicitFileType = wrapper.framework; includeInIndex = 0; path = CoronaStructures.framework; sourceTree = BUILT_PRODUCTS_DIR; };
		DC7428D31D7F4447001AF8E1 /* Info.plist */ = {isa = PBXFileReference; lastKnownFileType = text.plist.xml; path = Info.plist; sourceTree = "<group>"; };
		DC7428D91D7F44AC001AF8E1 /* BoolList.swift */ = {isa = PBXFileReference; fileEncoding = 4; lastKnownFileType = sourcecode.swift; path = BoolList.swift; sourceTree = "<group>"; };
		DC7428DA1D7F44AC001AF8E1 /* BoolList2D.swift */ = {isa = PBXFileReference; fileEncoding = 4; lastKnownFileType = sourcecode.swift; path = BoolList2D.swift; sourceTree = "<group>"; };
		DC7428DB1D7F44AC001AF8E1 /* CCSound.swift */ = {isa = PBXFileReference; fileEncoding = 4; lastKnownFileType = sourcecode.swift; path = CCSound.swift; sourceTree = "<group>"; };
		DC7428DC1D7F44AC001AF8E1 /* CCSoundPlayer.swift */ = {isa = PBXFileReference; fileEncoding = 4; lastKnownFileType = sourcecode.swift; path = CCSoundPlayer.swift; sourceTree = "<group>"; };
		DC7428DD1D7F44AC001AF8E1 /* Direction2D.swift */ = {isa = PBXFileReference; fileEncoding = 4; lastKnownFileType = sourcecode.swift; path = Direction2D.swift; sourceTree = "<group>"; };
		DC7428DE1D7F44AC001AF8E1 /* IntPoint.swift */ = {isa = PBXFileReference; fileEncoding = 4; lastKnownFileType = sourcecode.swift; path = IntPoint.swift; sourceTree = "<group>"; };
		DC7428DF1D7F44AC001AF8E1 /* IntPoint+Iterator.swift */ = {isa = PBXFileReference; fileEncoding = 4; lastKnownFileType = sourcecode.swift; path = "IntPoint+Iterator.swift"; sourceTree = "<group>"; };
		DC7428E01D7F44AC001AF8E1 /* IntPoint+Operations.swift */ = {isa = PBXFileReference; fileEncoding = 4; lastKnownFileType = sourcecode.swift; path = "IntPoint+Operations.swift"; sourceTree = "<group>"; };
		DC7428E11D7F44AC001AF8E1 /* SimpleStringParser.swift */ = {isa = PBXFileReference; fileEncoding = 4; lastKnownFileType = sourcecode.swift; path = SimpleStringParser.swift; sourceTree = "<group>"; };
		DC7428E21D7F44AC001AF8E1 /* Stack.swift */ = {isa = PBXFileReference; fileEncoding = 4; lastKnownFileType = sourcecode.swift; path = Stack.swift; sourceTree = "<group>"; };
		DC7428E51D7F44AC001AF8E1 /* XMLFileHandler.swift */ = {isa = PBXFileReference; fileEncoding = 4; lastKnownFileType = sourcecode.swift; path = XMLFileHandler.swift; sourceTree = "<group>"; };
		DC74290A1D7F45A1001AF8E1 /* SCMatrix3Array.swift */ = {isa = PBXFileReference; fileEncoding = 4; lastKnownFileType = sourcecode.swift; path = SCMatrix3Array.swift; sourceTree = "<group>"; };
		DC74290B1D7F45A1001AF8E1 /* SCMatrix4.swift */ = {isa = PBXFileReference; fileEncoding = 4; lastKnownFileType = sourcecode.swift; path = SCMatrix4.swift; sourceTree = "<group>"; };
		DC74290C1D7F45A1001AF8E1 /* SCMatrix4+Transformation.swift */ = {isa = PBXFileReference; fileEncoding = 4; lastKnownFileType = sourcecode.swift; path = "SCMatrix4+Transformation.swift"; sourceTree = "<group>"; };
		DC74290D1D7F45A1001AF8E1 /* SCMatrix4Array.swift */ = {isa = PBXFileReference; fileEncoding = 4; lastKnownFileType = sourcecode.swift; path = SCMatrix4Array.swift; sourceTree = "<group>"; };
		DC74290E1D7F45A1001AF8E1 /* SCVector3.swift */ = {isa = PBXFileReference; fileEncoding = 4; lastKnownFileType = sourcecode.swift; path = SCVector3.swift; sourceTree = "<group>"; };
		DC74290F1D7F45A1001AF8E1 /* SCVector3+Color.swift */ = {isa = PBXFileReference; fileEncoding = 4; lastKnownFileType = sourcecode.swift; path = "SCVector3+Color.swift"; sourceTree = "<group>"; };
		DC7429101D7F45A1001AF8E1 /* SCVector3Array.swift */ = {isa = PBXFileReference; fileEncoding = 4; lastKnownFileType = sourcecode.swift; path = SCVector3Array.swift; sourceTree = "<group>"; };
		DC7429111D7F45A1001AF8E1 /* SCVector4.swift */ = {isa = PBXFileReference; fileEncoding = 4; lastKnownFileType = sourcecode.swift; path = SCVector4.swift; sourceTree = "<group>"; };
		DC7429121D7F45A1001AF8E1 /* SCVector4+Color.swift */ = {isa = PBXFileReference; fileEncoding = 4; lastKnownFileType = sourcecode.swift; path = "SCVector4+Color.swift"; sourceTree = "<group>"; };
		DC74291C1D7F49A3001AF8E1 /* AngleDelta.swift */ = {isa = PBXFileReference; fileEncoding = 4; lastKnownFileType = sourcecode.swift; path = AngleDelta.swift; sourceTree = "<group>"; };
		DC74291E1D7F49AB001AF8E1 /* RotationDelta.swift */ = {isa = PBXFileReference; fileEncoding = 4; lastKnownFileType = sourcecode.swift; path = RotationDelta.swift; sourceTree = "<group>"; };
		DC7429201D7F49B1001AF8E1 /* ScaleDelta.swift */ = {isa = PBXFileReference; fileEncoding = 4; lastKnownFileType = sourcecode.swift; path = ScaleDelta.swift; sourceTree = "<group>"; };
		DC7429221D7F5572001AF8E1 /* LinearInterpolation.swift */ = {isa = PBXFileReference; fileEncoding = 4; lastKnownFileType = sourcecode.swift; path = LinearInterpolation.swift; sourceTree = "<group>"; };
		DC7429241D7F55AD001AF8E1 /* LinearInterpolationExtensions.swift */ = {isa = PBXFileReference; fileEncoding = 4; lastKnownFileType = sourcecode.swift; path = LinearInterpolationExtensions.swift; sourceTree = "<group>"; };
		DC7429281D7F5612001AF8E1 /* UIColor+Vectors.swift */ = {isa = PBXFileReference; fileEncoding = 4; lastKnownFileType = sourcecode.swift; path = "UIColor+Vectors.swift"; sourceTree = "<group>"; };
		DC74292A1D7F5668001AF8E1 /* CGFloat+Random.swift */ = {isa = PBXFileReference; fileEncoding = 4; lastKnownFileType = sourcecode.swift; path = "CGFloat+Random.swift"; sourceTree = "<group>"; };
		DC74292C1D7F58D6001AF8E1 /* CoronaConvenience.xcodeproj */ = {isa = PBXFileReference; lastKnownFileType = "wrapper.pb-project"; name = CoronaConvenience.xcodeproj; path = ../CoronaConvenience/CoronaConvenience.xcodeproj; sourceTree = "<group>"; };
		DC99DD691D849AD400094BE1 /* SCCloudSingleton.swift */ = {isa = PBXFileReference; fileEncoding = 4; lastKnownFileType = sourcecode.swift; path = SCCloudSingleton.swift; sourceTree = "<group>"; };
		DC99DD6A1D849AD400094BE1 /* SCCloudSingleton+Convenience.swift */ = {isa = PBXFileReference; fileEncoding = 4; lastKnownFileType = sourcecode.swift; path = "SCCloudSingleton+Convenience.swift"; sourceTree = "<group>"; };
		DCA41A681EDCE61600DE5F3A /* WeightedRandomBag.swift */ = {isa = PBXFileReference; fileEncoding = 4; lastKnownFileType = sourcecode.swift; path = WeightedRandomBag.swift; sourceTree = "<group>"; };
		DCC50CC91D81EDB3007092CA /* AnimationDelta.swift */ = {isa = PBXFileReference; fileEncoding = 4; lastKnownFileType = sourcecode.swift; path = AnimationDelta.swift; sourceTree = "<group>"; };
/* End PBXFileReference section */

/* Begin PBXFrameworksBuildPhase section */
		DC66C0D21F43C9AB0097AB9C /* Frameworks */ = {
			isa = PBXFrameworksBuildPhase;
			buildActionMask = 2147483647;
			files = (
			);
			runOnlyForDeploymentPostprocessing = 0;
		};
		DC7428CA1D7F4446001AF8E1 /* Frameworks */ = {
			isa = PBXFrameworksBuildPhase;
			buildActionMask = 2147483647;
			files = (
				DC7429321D7F58E0001AF8E1 /* CoronaConvenience.framework in Frameworks */,
			);
			runOnlyForDeploymentPostprocessing = 0;
		};
/* End PBXFrameworksBuildPhase section */

/* Begin PBXGroup section */
		DC66C0D61F43C9AB0097AB9C /* CoronaStructures-Tests */ = {
			isa = PBXGroup;
			children = (
				DC66C0DD1F43C9B90097AB9C /* Heap_Tests.swift */,
				DC66C0D91F43C9AB0097AB9C /* Info.plist */,
			);
			path = "CoronaStructures-Tests";
			sourceTree = "<group>";
		};
		DC7428C41D7F4446001AF8E1 = {
			isa = PBXGroup;
			children = (
				DC74292C1D7F58D6001AF8E1 /* CoronaConvenience.xcodeproj */,
				DC7428D01D7F4447001AF8E1 /* CoronaStructures */,
				DC66C0D61F43C9AB0097AB9C /* CoronaStructures-Tests */,
				DC7428CF1D7F4446001AF8E1 /* Products */,
			);
			sourceTree = "<group>";
		};
		DC7428CF1D7F4446001AF8E1 /* Products */ = {
			isa = PBXGroup;
			children = (
				DC7428CE1D7F4446001AF8E1 /* CoronaStructures.framework */,
				DC66C0D51F43C9AB0097AB9C /* CoronaStructures-Tests.xctest */,
			);
			name = Products;
			sourceTree = "<group>";
		};
		DC7428D01D7F4447001AF8E1 /* CoronaStructures */ = {
			isa = PBXGroup;
			children = (
				DC74291C1D7F49A3001AF8E1 /* AngleDelta.swift */,
				DCC50CC91D81EDB3007092CA /* AnimationDelta.swift */,
				DC7428D91D7F44AC001AF8E1 /* BoolList.swift */,
				DC7428DA1D7F44AC001AF8E1 /* BoolList2D.swift */,
				DC7428DB1D7F44AC001AF8E1 /* CCSound.swift */,
				DC7428DC1D7F44AC001AF8E1 /* CCSoundPlayer.swift */,
				DC74292A1D7F5668001AF8E1 /* CGFloat+Random.swift */,
				DC7428DD1D7F44AC001AF8E1 /* Direction2D.swift */,
				DC7428DE1D7F44AC001AF8E1 /* IntPoint.swift */,
				DC7428DF1D7F44AC001AF8E1 /* IntPoint+Iterator.swift */,
				DC7428E01D7F44AC001AF8E1 /* IntPoint+Operations.swift */,
				DC7429221D7F5572001AF8E1 /* LinearInterpolation.swift */,
				DC7429241D7F55AD001AF8E1 /* LinearInterpolationExtensions.swift */,
				DC66C0CD1F439DC00097AB9C /* Heap.swift */,
				DC1ADA4A1DBD275D00201A32 /* Queue.swift */,
				DC74291E1D7F49AB001AF8E1 /* RotationDelta.swift */,
				DC7429201D7F49B1001AF8E1 /* ScaleDelta.swift */,
				DC99DD691D849AD400094BE1 /* SCCloudSingleton.swift */,
				DC99DD6A1D849AD400094BE1 /* SCCloudSingleton+Convenience.swift */,
				DC7429091D7F4595001AF8E1 /* SCMath */,
				DC7428E11D7F44AC001AF8E1 /* SimpleStringParser.swift */,
				DC7428E21D7F44AC001AF8E1 /* Stack.swift */,
				DC7429281D7F5612001AF8E1 /* UIColor+Vectors.swift */,
				DCA41A681EDCE61600DE5F3A /* WeightedRandomBag.swift */,
				DC7428E51D7F44AC001AF8E1 /* XMLFileHandler.swift */,
				DC7428D31D7F4447001AF8E1 /* Info.plist */,
			);
			path = CoronaStructures;
			sourceTree = "<group>";
		};
		DC7429091D7F4595001AF8E1 /* SCMath */ = {
			isa = PBXGroup;
			children = (
				DC74290A1D7F45A1001AF8E1 /* SCMatrix3Array.swift */,
				DC74290B1D7F45A1001AF8E1 /* SCMatrix4.swift */,
				DC74290C1D7F45A1001AF8E1 /* SCMatrix4+Transformation.swift */,
				DC74290D1D7F45A1001AF8E1 /* SCMatrix4Array.swift */,
				DC74290E1D7F45A1001AF8E1 /* SCVector3.swift */,
				DC74290F1D7F45A1001AF8E1 /* SCVector3+Color.swift */,
				DC7429101D7F45A1001AF8E1 /* SCVector3Array.swift */,
				DC7429111D7F45A1001AF8E1 /* SCVector4.swift */,
				DC7429121D7F45A1001AF8E1 /* SCVector4+Color.swift */,
			);
			name = SCMath;
			sourceTree = "<group>";
		};
		DC74292D1D7F58D6001AF8E1 /* Products */ = {
			isa = PBXGroup;
			children = (
				DC7429311D7F58D6001AF8E1 /* CoronaConvenience.framework */,
				DC66C0C81F4396310097AB9C /* CoronaConvenience.Tests.xctest */,
			);
			name = Products;
			sourceTree = "<group>";
		};
/* End PBXGroup section */

/* Begin PBXHeadersBuildPhase section */
		DC7428CB1D7F4446001AF8E1 /* Headers */ = {
			isa = PBXHeadersBuildPhase;
			buildActionMask = 2147483647;
			files = (
			);
			runOnlyForDeploymentPostprocessing = 0;
		};
/* End PBXHeadersBuildPhase section */

/* Begin PBXNativeTarget section */
		DC66C0D41F43C9AB0097AB9C /* CoronaStructures-Tests */ = {
			isa = PBXNativeTarget;
			buildConfigurationList = DC66C0DA1F43C9AB0097AB9C /* Build configuration list for PBXNativeTarget "CoronaStructures-Tests" */;
			buildPhases = (
				DC66C0D11F43C9AB0097AB9C /* Sources */,
				DC66C0D21F43C9AB0097AB9C /* Frameworks */,
				DC66C0D31F43C9AB0097AB9C /* Resources */,
			);
			buildRules = (
			);
			dependencies = (
			);
			name = "CoronaStructures-Tests";
			productName = "CoronaStructures-Tests";
			productReference = DC66C0D51F43C9AB0097AB9C /* CoronaStructures-Tests.xctest */;
			productType = "com.apple.product-type.bundle.unit-test";
		};
		DC7428CD1D7F4446001AF8E1 /* CoronaStructures */ = {
			isa = PBXNativeTarget;
			buildConfigurationList = DC7428D61D7F4447001AF8E1 /* Build configuration list for PBXNativeTarget "CoronaStructures" */;
			buildPhases = (
				DC7428C91D7F4446001AF8E1 /* Sources */,
				DC7428CA1D7F4446001AF8E1 /* Frameworks */,
				DC7428CB1D7F4446001AF8E1 /* Headers */,
				DC7428CC1D7F4446001AF8E1 /* Resources */,
			);
			buildRules = (
			);
			dependencies = (
			);
			name = CoronaStructures;
			productName = CoronaStructures;
			productReference = DC7428CE1D7F4446001AF8E1 /* CoronaStructures.framework */;
			productType = "com.apple.product-type.framework";
		};
/* End PBXNativeTarget section */

/* Begin PBXProject section */
		DC7428C51D7F4446001AF8E1 /* Project object */ = {
			isa = PBXProject;
			attributes = {
				LastSwiftUpdateCheck = 0830;
				LastUpgradeCheck = 0800;
				ORGANIZATIONNAME = "Cooper Knaak";
				TargetAttributes = {
					DC66C0D41F43C9AB0097AB9C = {
						CreatedOnToolsVersion = 8.3.3;
						DevelopmentTeam = ULGC99Z6NQ;
						ProvisioningStyle = Automatic;
					};
					DC7428CD1D7F4446001AF8E1 = {
						CreatedOnToolsVersion = 7.3.1;
						LastSwiftMigration = 0800;
					};
				};
			};
			buildConfigurationList = DC7428C81D7F4446001AF8E1 /* Build configuration list for PBXProject "CoronaStructures" */;
			compatibilityVersion = "Xcode 3.2";
			developmentRegion = English;
			hasScannedForEncodings = 0;
			knownRegions = (
				en,
			);
			mainGroup = DC7428C41D7F4446001AF8E1;
			productRefGroup = DC7428CF1D7F4446001AF8E1 /* Products */;
			projectDirPath = "";
			projectReferences = (
				{
					ProductGroup = DC74292D1D7F58D6001AF8E1 /* Products */;
					ProjectRef = DC74292C1D7F58D6001AF8E1 /* CoronaConvenience.xcodeproj */;
				},
			);
			projectRoot = "";
			targets = (
				DC7428CD1D7F4446001AF8E1 /* CoronaStructures */,
				DC66C0D41F43C9AB0097AB9C /* CoronaStructures-Tests */,
			);
		};
/* End PBXProject section */

/* Begin PBXReferenceProxy section */
		DC66C0C81F4396310097AB9C /* CoronaConvenience.Tests.xctest */ = {
			isa = PBXReferenceProxy;
			fileType = wrapper.cfbundle;
			path = CoronaConvenience.Tests.xctest;
			remoteRef = DC66C0C71F4396310097AB9C /* PBXContainerItemProxy */;
			sourceTree = BUILT_PRODUCTS_DIR;
		};
		DC7429311D7F58D6001AF8E1 /* CoronaConvenience.framework */ = {
			isa = PBXReferenceProxy;
			fileType = wrapper.framework;
			path = CoronaConvenience.framework;
			remoteRef = DC7429301D7F58D6001AF8E1 /* PBXContainerItemProxy */;
			sourceTree = BUILT_PRODUCTS_DIR;
		};
/* End PBXReferenceProxy section */

/* Begin PBXResourcesBuildPhase section */
		DC66C0D31F43C9AB0097AB9C /* Resources */ = {
			isa = PBXResourcesBuildPhase;
			buildActionMask = 2147483647;
			files = (
			);
			runOnlyForDeploymentPostprocessing = 0;
		};
		DC7428CC1D7F4446001AF8E1 /* Resources */ = {
			isa = PBXResourcesBuildPhase;
			buildActionMask = 2147483647;
			files = (
			);
			runOnlyForDeploymentPostprocessing = 0;
		};
/* End PBXResourcesBuildPhase section */

/* Begin PBXSourcesBuildPhase section */
		DC66C0D11F43C9AB0097AB9C /* Sources */ = {
			isa = PBXSourcesBuildPhase;
			buildActionMask = 2147483647;
			files = (
				DC66C0DE1F43C9B90097AB9C /* Heap_Tests.swift in Sources */,
			);
			runOnlyForDeploymentPostprocessing = 0;
		};
		DC7428C91D7F4446001AF8E1 /* Sources */ = {
			isa = PBXSourcesBuildPhase;
			buildActionMask = 2147483647;
			files = (
				DC7428ED1D7F44AC001AF8E1 /* IntPoint+Operations.swift in Sources */,
				DC99DD6B1D849AD400094BE1 /* SCCloudSingleton.swift in Sources */,
				DC7428EC1D7F44AC001AF8E1 /* IntPoint+Iterator.swift in Sources */,
				DC7429171D7F45A1001AF8E1 /* SCVector3.swift in Sources */,
				DC99DD6C1D849AD400094BE1 /* SCCloudSingleton+Convenience.swift in Sources */,
				DC7428EA1D7F44AC001AF8E1 /* Direction2D.swift in Sources */,
				DC74291A1D7F45A1001AF8E1 /* SCVector4.swift in Sources */,
				DC7428E61D7F44AC001AF8E1 /* BoolList.swift in Sources */,
				DC7429141D7F45A1001AF8E1 /* SCMatrix4.swift in Sources */,
				DC74291F1D7F49AB001AF8E1 /* RotationDelta.swift in Sources */,
				DC7428E81D7F44AC001AF8E1 /* CCSound.swift in Sources */,
				DC7429291D7F5612001AF8E1 /* UIColor+Vectors.swift in Sources */,
				DC74292B1D7F5668001AF8E1 /* CGFloat+Random.swift in Sources */,
				DC7429181D7F45A1001AF8E1 /* SCVector3+Color.swift in Sources */,
				DCA41A691EDCE61600DE5F3A /* WeightedRandomBag.swift in Sources */,
				DC7428E91D7F44AC001AF8E1 /* CCSoundPlayer.swift in Sources */,
				DC74291B1D7F45A1001AF8E1 /* SCVector4+Color.swift in Sources */,
				DC7428EF1D7F44AC001AF8E1 /* Stack.swift in Sources */,
				DC7429161D7F45A1001AF8E1 /* SCMatrix4Array.swift in Sources */,
				DC7429231D7F5572001AF8E1 /* LinearInterpolation.swift in Sources */,
				DC7428EB1D7F44AC001AF8E1 /* IntPoint.swift in Sources */,
				DC1ADA4B1DBD275D00201A32 /* Queue.swift in Sources */,
				DC7429251D7F55AD001AF8E1 /* LinearInterpolationExtensions.swift in Sources */,
				DC7429151D7F45A1001AF8E1 /* SCMatrix4+Transformation.swift in Sources */,
				DC7429211D7F49B1001AF8E1 /* ScaleDelta.swift in Sources */,
				DC7429131D7F45A1001AF8E1 /* SCMatrix3Array.swift in Sources */,
				DC7428F21D7F44AC001AF8E1 /* XMLFileHandler.swift in Sources */,
				DC7428E71D7F44AC001AF8E1 /* BoolList2D.swift in Sources */,
				DC66C0CE1F439DC00097AB9C /* Heap.swift in Sources */,
				DC7429191D7F45A1001AF8E1 /* SCVector3Array.swift in Sources */,
				DCC50CCA1D81EDB3007092CA /* AnimationDelta.swift in Sources */,
				DC74291D1D7F49A3001AF8E1 /* AngleDelta.swift in Sources */,
				DC7428EE1D7F44AC001AF8E1 /* SimpleStringParser.swift in Sources */,
			);
			runOnlyForDeploymentPostprocessing = 0;
		};
/* End PBXSourcesBuildPhase section */

/* Begin XCBuildConfiguration section */
		DC66C0DB1F43C9AB0097AB9C /* Debug */ = {
			isa = XCBuildConfiguration;
			buildSettings = {
				CLANG_ANALYZER_NUMBER_OBJECT_CONVERSION = YES_AGGRESSIVE;
				CLANG_WARN_DOCUMENTATION_COMMENTS = YES;
				CODE_SIGN_IDENTITY = "-";
				COMBINE_HIDPI_IMAGES = YES;
				DEVELOPMENT_TEAM = ULGC99Z6NQ;
				INFOPLIST_FILE = "CoronaStructures-Tests/Info.plist";
				LD_RUNPATH_SEARCH_PATHS = "$(inherited) @executable_path/../Frameworks @loader_path/../Frameworks";
				MACOSX_DEPLOYMENT_TARGET = 10.12;
				PRODUCT_BUNDLE_IDENTIFIER = "CooperCorona.CoronaStructures-Tests";
				PRODUCT_NAME = "$(TARGET_NAME)";
				SDKROOT = macosx;
				SWIFT_ACTIVE_COMPILATION_CONDITIONS = DEBUG;
				SWIFT_VERSION = 3.0;
			};
			name = Debug;
		};
		DC66C0DC1F43C9AB0097AB9C /* Release */ = {
			isa = XCBuildConfiguration;
			buildSettings = {
				CLANG_ANALYZER_NUMBER_OBJECT_CONVERSION = YES_AGGRESSIVE;
				CLANG_WARN_DOCUMENTATION_COMMENTS = YES;
				CODE_SIGN_IDENTITY = "-";
				COMBINE_HIDPI_IMAGES = YES;
				DEVELOPMENT_TEAM = ULGC99Z6NQ;
				INFOPLIST_FILE = "CoronaStructures-Tests/Info.plist";
				LD_RUNPATH_SEARCH_PATHS = "$(inherited) @executable_path/../Frameworks @loader_path/../Frameworks";
				MACOSX_DEPLOYMENT_TARGET = 10.12;
				PRODUCT_BUNDLE_IDENTIFIER = "CooperCorona.CoronaStructures-Tests";
				PRODUCT_NAME = "$(TARGET_NAME)";
				SDKROOT = macosx;
				SWIFT_VERSION = 3.0;
			};
			name = Release;
		};
		DC7428D41D7F4447001AF8E1 /* Debug */ = {
			isa = XCBuildConfiguration;
			buildSettings = {
				ALWAYS_SEARCH_USER_PATHS = NO;
				CLANG_ANALYZER_NONNULL = YES;
				CLANG_CXX_LANGUAGE_STANDARD = "gnu++0x";
				CLANG_CXX_LIBRARY = "libc++";
				CLANG_ENABLE_MODULES = YES;
				CLANG_ENABLE_OBJC_ARC = YES;
				CLANG_WARN_BOOL_CONVERSION = YES;
				CLANG_WARN_CONSTANT_CONVERSION = YES;
				CLANG_WARN_DIRECT_OBJC_ISA_USAGE = YES_ERROR;
				CLANG_WARN_EMPTY_BODY = YES;
				CLANG_WARN_ENUM_CONVERSION = YES;
				CLANG_WARN_INFINITE_RECURSION = YES;
				CLANG_WARN_INT_CONVERSION = YES;
				CLANG_WARN_OBJC_ROOT_CLASS = YES_ERROR;
				CLANG_WARN_SUSPICIOUS_MOVE = YES;
				CLANG_WARN_UNREACHABLE_CODE = YES;
				CLANG_WARN__DUPLICATE_METHOD_MATCH = YES;
				"CODE_SIGN_IDENTITY[sdk=iphoneos*]" = "iPhone Developer";
				COPY_PHASE_STRIP = NO;
				CURRENT_PROJECT_VERSION = 1;
				DEBUG_INFORMATION_FORMAT = dwarf;
				ENABLE_STRICT_OBJC_MSGSEND = YES;
				ENABLE_TESTABILITY = YES;
				GCC_C_LANGUAGE_STANDARD = gnu99;
				GCC_DYNAMIC_NO_PIC = NO;
				GCC_NO_COMMON_BLOCKS = YES;
				GCC_OPTIMIZATION_LEVEL = 0;
				GCC_PREPROCESSOR_DEFINITIONS = (
					"DEBUG=1",
					"$(inherited)",
				);
				GCC_WARN_64_TO_32_BIT_CONVERSION = YES;
				GCC_WARN_ABOUT_RETURN_TYPE = YES_ERROR;
				GCC_WARN_UNDECLARED_SELECTOR = YES;
				GCC_WARN_UNINITIALIZED_AUTOS = YES_AGGRESSIVE;
				GCC_WARN_UNUSED_FUNCTION = YES;
				GCC_WARN_UNUSED_VARIABLE = YES;
				IPHONEOS_DEPLOYMENT_TARGET = 9.3;
				MTL_ENABLE_DEBUG_INFO = YES;
				ONLY_ACTIVE_ARCH = YES;
				SDKROOT = iphoneos;
				SWIFT_OPTIMIZATION_LEVEL = "-Onone";
				TARGETED_DEVICE_FAMILY = "1,2";
				VERSIONING_SYSTEM = "apple-generic";
				VERSION_INFO_PREFIX = "";
			};
			name = Debug;
		};
		DC7428D51D7F4447001AF8E1 /* Release */ = {
			isa = XCBuildConfiguration;
			buildSettings = {
				ALWAYS_SEARCH_USER_PATHS = NO;
				CLANG_ANALYZER_NONNULL = YES;
				CLANG_CXX_LANGUAGE_STANDARD = "gnu++0x";
				CLANG_CXX_LIBRARY = "libc++";
				CLANG_ENABLE_MODULES = YES;
				CLANG_ENABLE_OBJC_ARC = YES;
				CLANG_WARN_BOOL_CONVERSION = YES;
				CLANG_WARN_CONSTANT_CONVERSION = YES;
				CLANG_WARN_DIRECT_OBJC_ISA_USAGE = YES_ERROR;
				CLANG_WARN_EMPTY_BODY = YES;
				CLANG_WARN_ENUM_CONVERSION = YES;
				CLANG_WARN_INFINITE_RECURSION = YES;
				CLANG_WARN_INT_CONVERSION = YES;
				CLANG_WARN_OBJC_ROOT_CLASS = YES_ERROR;
				CLANG_WARN_SUSPICIOUS_MOVE = YES;
				CLANG_WARN_UNREACHABLE_CODE = YES;
				CLANG_WARN__DUPLICATE_METHOD_MATCH = YES;
				"CODE_SIGN_IDENTITY[sdk=iphoneos*]" = "iPhone Developer";
				COPY_PHASE_STRIP = NO;
				CURRENT_PROJECT_VERSION = 1;
				DEBUG_INFORMATION_FORMAT = "dwarf-with-dsym";
				ENABLE_NS_ASSERTIONS = NO;
				ENABLE_STRICT_OBJC_MSGSEND = YES;
				GCC_C_LANGUAGE_STANDARD = gnu99;
				GCC_NO_COMMON_BLOCKS = YES;
				GCC_WARN_64_TO_32_BIT_CONVERSION = YES;
				GCC_WARN_ABOUT_RETURN_TYPE = YES_ERROR;
				GCC_WARN_UNDECLARED_SELECTOR = YES;
				GCC_WARN_UNINITIALIZED_AUTOS = YES_AGGRESSIVE;
				GCC_WARN_UNUSED_FUNCTION = YES;
				GCC_WARN_UNUSED_VARIABLE = YES;
				IPHONEOS_DEPLOYMENT_TARGET = 9.3;
				MTL_ENABLE_DEBUG_INFO = NO;
				SDKROOT = iphoneos;
				SWIFT_OPTIMIZATION_LEVEL = "-Owholemodule";
				TARGETED_DEVICE_FAMILY = "1,2";
				VALIDATE_PRODUCT = YES;
				VERSIONING_SYSTEM = "apple-generic";
				VERSION_INFO_PREFIX = "";
			};
			name = Release;
		};
		DC7428D71D7F4447001AF8E1 /* Debug */ = {
			isa = XCBuildConfiguration;
			buildSettings = {
				ALWAYS_EMBED_SWIFT_STANDARD_LIBRARIES = YES;
				"CODE_SIGN_IDENTITY[sdk=iphoneos*]" = "";
				DEFINES_MODULE = YES;
				DYLIB_COMPATIBILITY_VERSION = 1;
				DYLIB_CURRENT_VERSION = 1;
				DYLIB_INSTALL_NAME_BASE = "@rpath";
				INFOPLIST_FILE = CoronaStructures/Info.plist;
				INSTALL_PATH = "$(LOCAL_LIBRARY_DIR)/Frameworks";
				LD_RUNPATH_SEARCH_PATHS = "$(inherited) @executable_path/Frameworks @loader_path/Frameworks";
				MACOSX_DEPLOYMENT_TARGET = 10.11;
				PRODUCT_BUNDLE_IDENTIFIER = "Corona-Corporation.CoronaStructures";
				PRODUCT_NAME = "$(TARGET_NAME)";
				SKIP_INSTALL = YES;
				SUPPORTED_PLATFORMS = "iphonesimulator iphoneos macosx";
				SWIFT_VERSION = 3.0;
				VALID_ARCHS = "arm64 armv7 armv7s x86_64 i386";
			};
			name = Debug;
		};
		DC7428D81D7F4447001AF8E1 /* Release */ = {
			isa = XCBuildConfiguration;
			buildSettings = {
				ALWAYS_EMBED_SWIFT_STANDARD_LIBRARIES = YES;
				"CODE_SIGN_IDENTITY[sdk=iphoneos*]" = "";
				DEFINES_MODULE = YES;
				DYLIB_COMPATIBILITY_VERSION = 1;
				DYLIB_CURRENT_VERSION = 1;
				DYLIB_INSTALL_NAME_BASE = "@rpath";
				INFOPLIST_FILE = CoronaStructures/Info.plist;
				INSTALL_PATH = "$(LOCAL_LIBRARY_DIR)/Frameworks";
				LD_RUNPATH_SEARCH_PATHS = "$(inherited) @executable_path/Frameworks @loader_path/Frameworks";
				MACOSX_DEPLOYMENT_TARGET = 10.11;
				PRODUCT_BUNDLE_IDENTIFIER = "Corona-Corporation.CoronaStructures";
				PRODUCT_NAME = "$(TARGET_NAME)";
				SKIP_INSTALL = YES;
				SUPPORTED_PLATFORMS = "iphonesimulator iphoneos macosx";
				SWIFT_VERSION = 3.0;
				VALID_ARCHS = "arm64 armv7 armv7s x86_64 i386";
			};
			name = Release;
		};
/* End XCBuildConfiguration section */

/* Begin XCConfigurationList section */
		DC66C0DA1F43C9AB0097AB9C /* Build configuration list for PBXNativeTarget "CoronaStructures-Tests" */ = {
			isa = XCConfigurationList;
			buildConfigurations = (
				DC66C0DB1F43C9AB0097AB9C /* Debug */,
				DC66C0DC1F43C9AB0097AB9C /* Release */,
			);
			defaultConfigurationIsVisible = 0;
			defaultConfigurationName = Release;
		};
		DC7428C81D7F4446001AF8E1 /* Build configuration list for PBXProject "CoronaStructures" */ = {
			isa = XCConfigurationList;
			buildConfigurations = (
				DC7428D41D7F4447001AF8E1 /* Debug */,
				DC7428D51D7F4447001AF8E1 /* Release */,
			);
			defaultConfigurationIsVisible = 0;
			defaultConfigurationName = Release;
		};
		DC7428D61D7F4447001AF8E1 /* Build configuration list for PBXNativeTarget "CoronaStructures" */ = {
			isa = XCConfigurationList;
			buildConfigurations = (
				DC7428D71D7F4447001AF8E1 /* Debug */,
				DC7428D81D7F4447001AF8E1 /* Release */,
			);
			defaultConfigurationIsVisible = 0;
			defaultConfigurationName = Release;
		};
/* End XCConfigurationList section */
	};
	rootObject = DC7428C51D7F4446001AF8E1 /* Project object */;
}
